# THIS IS AN AUTOGENERATED FILE. DO NOT EDIT THIS FILE DIRECTLY.
# yarn lockfile v1


deeks@3.1.0:
  version "3.1.0"
  resolved "https://registry.yarnpkg.com/deeks/-/deeks-3.1.0.tgz#ecc47c600bcc6dbda656c6d86bbc96cbe126fd41"
  integrity sha512-e7oWH1LzIdv/prMQ7pmlDlaVoL64glqzvNgkgQNgyec9ORPHrT2jaOqMtRyqJuwWjtfb6v+2rk9pmaHj+F137A==

doc-path@4.1.1:
  version "4.1.1"
  resolved "https://registry.yarnpkg.com/doc-path/-/doc-path-4.1.1.tgz#5be8c1671877f6b719af5a6077c41904be8913ac"
  integrity sha512-h1ErTglQAVv2gCnOpD3sFS6uolDbOKHDU1BZq+Kl3npPqroU3dYL42lUgMfd5UimlwtRgp7C9dLGwqQ5D2HYgQ==

json-2-csv@^5.5.1:
  version "5.5.1"
  resolved "https://registry.yarnpkg.com/json-2-csv/-/json-2-csv-5.5.1.tgz#2ad4e69d4b2bb4590203948a36f11347a4d7aed9"
  integrity sha512-KgAtAXTQopRwe90gh8SgjRSxgt9bUWbGAPMo9W0TZLA8SqiQH7khtagFfeEUjG3NBPwJu/+9uX5pMvunKaPvrQ==
  dependencies:
    deeks "3.1.0"
    doc-path "4.1.1"
